
Microsoft Visual Studio Solution File, Format Version 12.00
# Visual Studio 15
VisualStudioVersion = 15.0.27004.2010
MinimumVisualStudioVersion = 10.0.40219.1
Project("{FAE04EC0-301F-11D3-BF4B-00C04F79EFBC}") = "TreeServiceScheduler", "TreeServiceScheduler\TreeServiceScheduler.csproj", "{227E7B35-0E3C-47A4-AA4E-B0ED5DBE6A94}"
EndProject
Global
	GlobalSection(SolutionConfigurationPlatforms) = preSolution
		Debug|Any CPU = Debug|Any CPU
		Release|Any CPU = Release|Any CPU
	EndGlobalSection
	GlobalSection(ProjectConfigurationPlatforms) = postSolution
		{227E7B35-0E3C-47A4-AA4E-B0ED5DBE6A94}.Debug|Any CPU.ActiveCfg = Debug|Any CPU
		{227E7B35-0E3C-47A4-AA4E-B0ED5DBE6A94}.Debug|Any CPU.Build.0 = Debug|Any CPU
		{227E7B35-0E3C-47A4-AA4E-B0ED5DBE6A94}.Release|Any CPU.ActiveCfg = Release|Any CPU
		{227E7B35-0E3C-47A4-AA4E-B0ED5DBE6A94}.Release|Any CPU.Build.0 = Release|Any CPU
	EndGlobalSection
	GlobalSection(SolutionProperties) = preSolution
		HideSolutionNode = FALSE
	EndGlobalSection
	GlobalSection(ExtensibilityGlobals) = postSolution
		SolutionGuid = {A6A56363-7F81-463F-83A7-1488AA2B5735}
	EndGlobalSection
EndGlobal
